
Microsoft Visual Studio Solution File, Format Version 12.00
# Visual Studio Version 16
VisualStudioVersion = 16.0.31205.134
MinimumVisualStudioVersion = 10.0.40219.1
Project("{FAE04EC0-301F-11D3-BF4B-00C04F79EFBC}") = "6.3", "6.3.csproj", "{B164F214-C3EF-4ECA-A661-17F82396336A}"
EndProject
Global
	GlobalSection(SolutionConfigurationPlatforms) = preSolution
		Debug|Any CPU = Debug|Any CPU
		Release|Any CPU = Release|Any CPU
	EndGlobalSection
	GlobalSection(ProjectConfigurationPlatforms) = postSolution
		{B164F214-C3EF-4ECA-A661-17F82396336A}.Debug|Any CPU.ActiveCfg = Debug|Any CPU
		{B164F214-C3EF-4ECA-A661-17F82396336A}.Debug|Any CPU.Build.0 = Debug|Any CPU
		{B164F214-C3EF-4ECA-A661-17F82396336A}.Release|Any CPU.ActiveCfg = Release|Any CPU
		{B164F214-C3EF-4ECA-A661-17F82396336A}.Release|Any CPU.Build.0 = Release|Any CPU
	EndGlobalSection
	GlobalSection(SolutionProperties) = preSolution
		HideSolutionNode = FALSE
	EndGlobalSection
	GlobalSection(ExtensibilityGlobals) = postSolution
		SolutionGuid = {88E37719-5DF8-41AA-AA15-CB4409BC8E79}
	EndGlobalSection
EndGlobal
