
Microsoft Visual Studio Solution File, Format Version 12.00
# Visual Studio Version 16
VisualStudioVersion = 16.0.31205.134
MinimumVisualStudioVersion = 10.0.40219.1
Project("{FAE04EC0-301F-11D3-BF4B-00C04F79EFBC}") = "6.1.example", "6.1.example.csproj", "{2C60A2A0-0B9F-4276-9E48-8811CAF09E7A}"
EndProject
Global
	GlobalSection(SolutionConfigurationPlatforms) = preSolution
		Debug|Any CPU = Debug|Any CPU
		Release|Any CPU = Release|Any CPU
	EndGlobalSection
	GlobalSection(ProjectConfigurationPlatforms) = postSolution
		{2C60A2A0-0B9F-4276-9E48-8811CAF09E7A}.Debug|Any CPU.ActiveCfg = Debug|Any CPU
		{2C60A2A0-0B9F-4276-9E48-8811CAF09E7A}.Debug|Any CPU.Build.0 = Debug|Any CPU
		{2C60A2A0-0B9F-4276-9E48-8811CAF09E7A}.Release|Any CPU.ActiveCfg = Release|Any CPU
		{2C60A2A0-0B9F-4276-9E48-8811CAF09E7A}.Release|Any CPU.Build.0 = Release|Any CPU
	EndGlobalSection
	GlobalSection(SolutionProperties) = preSolution
		HideSolutionNode = FALSE
	EndGlobalSection
	GlobalSection(ExtensibilityGlobals) = postSolution
		SolutionGuid = {6B563F13-124A-494F-9900-8E3FB3E51250}
	EndGlobalSection
EndGlobal
